
Microsoft Visual Studio Solution File, Format Version 12.00
# Visual Studio Version 17
VisualStudioVersion = 17.8.34525.116
MinimumVisualStudioVersion = 10.0.40219.1
Project("{FAE04EC0-301F-11D3-BF4B-00C04F79EFBC}") = "ProductApp.RazorPages", "ProductApp.RazorPages\ProductApp.RazorPages.csproj", "{3548E4B3-19C1-445F-BB68-7BECA4F1440B}"
EndProject
Project("{FAE04EC0-301F-11D3-BF4B-00C04F79EFBC}") = "ProductApp.Infrastructure", "ProductApp.Infrastructure\ProductApp.Infrastructure.csproj", "{3F21E418-92C2-4689-A879-CA7E65D53A31}"
EndProject
Project("{FAE04EC0-301F-11D3-BF4B-00C04F79EFBC}") = "ProductApp.Business", "ProductApp.Business\ProductApp.Business.csproj", "{006A8E02-A284-462B-928F-B7450404F2D9}"
EndProject
Global
	GlobalSection(SolutionConfigurationPlatforms) = preSolution
		Debug|Any CPU = Debug|Any CPU
		Release|Any CPU = Release|Any CPU
	EndGlobalSection
	GlobalSection(ProjectConfigurationPlatforms) = postSolution
		{3548E4B3-19C1-445F-BB68-7BECA4F1440B}.Debug|Any CPU.ActiveCfg = Debug|Any CPU
		{3548E4B3-19C1-445F-BB68-7BECA4F1440B}.Debug|Any CPU.Build.0 = Debug|Any CPU
		{3548E4B3-19C1-445F-BB68-7BECA4F1440B}.Release|Any CPU.ActiveCfg = Release|Any CPU
		{3548E4B3-19C1-445F-BB68-7BECA4F1440B}.Release|Any CPU.Build.0 = Release|Any CPU
		{3F21E418-92C2-4689-A879-CA7E65D53A31}.Debug|Any CPU.ActiveCfg = Debug|Any CPU
		{3F21E418-92C2-4689-A879-CA7E65D53A31}.Debug|Any CPU.Build.0 = Debug|Any CPU
		{3F21E418-92C2-4689-A879-CA7E65D53A31}.Release|Any CPU.ActiveCfg = Release|Any CPU
		{3F21E418-92C2-4689-A879-CA7E65D53A31}.Release|Any CPU.Build.0 = Release|Any CPU
		{006A8E02-A284-462B-928F-B7450404F2D9}.Debug|Any CPU.ActiveCfg = Debug|Any CPU
		{006A8E02-A284-462B-928F-B7450404F2D9}.Debug|Any CPU.Build.0 = Debug|Any CPU
		{006A8E02-A284-462B-928F-B7450404F2D9}.Release|Any CPU.ActiveCfg = Release|Any CPU
		{006A8E02-A284-462B-928F-B7450404F2D9}.Release|Any CPU.Build.0 = Release|Any CPU
	EndGlobalSection
	GlobalSection(SolutionProperties) = preSolution
		HideSolutionNode = FALSE
	EndGlobalSection
	GlobalSection(ExtensibilityGlobals) = postSolution
		SolutionGuid = {36ADBA4E-E364-4893-A083-330192A4F061}
	EndGlobalSection
EndGlobal
